
Microsoft Visual Studio Solution File, Format Version 12.00
# Visual Studio Version 17
VisualStudioVersion = 17.7.34031.279
MinimumVisualStudioVersion = 10.0.40219.1
Project("{9A19103F-16F7-4668-BE54-9A1E7A4F7556}") = "IB-Company", "IB-Company\IB-Company.csproj", "{F9C5CA89-C605-46D4-B7AB-56D75DDD2413}"
EndProject
Project("{9A19103F-16F7-4668-BE54-9A1E7A4F7556}") = "IBCompany_Utility", "IBCompany_Utility\IBCompany_Utility.csproj", "{AA4D262B-6D86-4982-88E0-149B60E0A075}"
EndProject
Project("{FAE04EC0-301F-11D3-BF4B-00C04F79EFBC}") = "IBCompany_Models", "IBCompany_Models\IBCompany_Models.csproj", "{2D1EF094-5AC8-4BEF-8998-A700BC60C23F}"
EndProject
Global
	GlobalSection(SolutionConfigurationPlatforms) = preSolution
		Debug|Any CPU = Debug|Any CPU
		Release|Any CPU = Release|Any CPU
	EndGlobalSection
	GlobalSection(ProjectConfigurationPlatforms) = postSolution
		{F9C5CA89-C605-46D4-B7AB-56D75DDD2413}.Debug|Any CPU.ActiveCfg = Debug|Any CPU
		{F9C5CA89-C605-46D4-B7AB-56D75DDD2413}.Debug|Any CPU.Build.0 = Debug|Any CPU
		{F9C5CA89-C605-46D4-B7AB-56D75DDD2413}.Release|Any CPU.ActiveCfg = Release|Any CPU
		{F9C5CA89-C605-46D4-B7AB-56D75DDD2413}.Release|Any CPU.Build.0 = Release|Any CPU
		{AA4D262B-6D86-4982-88E0-149B60E0A075}.Debug|Any CPU.ActiveCfg = Debug|Any CPU
		{AA4D262B-6D86-4982-88E0-149B60E0A075}.Debug|Any CPU.Build.0 = Debug|Any CPU
		{AA4D262B-6D86-4982-88E0-149B60E0A075}.Release|Any CPU.ActiveCfg = Release|Any CPU
		{AA4D262B-6D86-4982-88E0-149B60E0A075}.Release|Any CPU.Build.0 = Release|Any CPU
		{2D1EF094-5AC8-4BEF-8998-A700BC60C23F}.Debug|Any CPU.ActiveCfg = Debug|Any CPU
		{2D1EF094-5AC8-4BEF-8998-A700BC60C23F}.Debug|Any CPU.Build.0 = Debug|Any CPU
		{2D1EF094-5AC8-4BEF-8998-A700BC60C23F}.Release|Any CPU.ActiveCfg = Release|Any CPU
		{2D1EF094-5AC8-4BEF-8998-A700BC60C23F}.Release|Any CPU.Build.0 = Release|Any CPU
	EndGlobalSection
	GlobalSection(SolutionProperties) = preSolution
		HideSolutionNode = FALSE
	EndGlobalSection
	GlobalSection(ExtensibilityGlobals) = postSolution
		SolutionGuid = {4FE9C4A4-CEBF-4364-91A2-CB1F7B601F29}
	EndGlobalSection
EndGlobal
